
Microsoft Visual Studio Solution File, Format Version 12.00
# Visual Studio Version 17
VisualStudioVersion = 17.5.33627.172
MinimumVisualStudioVersion = 10.0.40219.1
Project("{FAE04EC0-301F-11D3-BF4B-00C04F79EFBC}") = "NDP", "NDP.csproj", "{B717192A-6729-4E50-BB19-1D39464E8282}"
EndProject
Global
	GlobalSection(SolutionConfigurationPlatforms) = preSolution
		Debug|Any CPU = Debug|Any CPU
		Release|Any CPU = Release|Any CPU
	EndGlobalSection
	GlobalSection(ProjectConfigurationPlatforms) = postSolution
		{B717192A-6729-4E50-BB19-1D39464E8282}.Debug|Any CPU.ActiveCfg = Debug|Any CPU
		{B717192A-6729-4E50-BB19-1D39464E8282}.Debug|Any CPU.Build.0 = Debug|Any CPU
		{B717192A-6729-4E50-BB19-1D39464E8282}.Release|Any CPU.ActiveCfg = Release|Any CPU
		{B717192A-6729-4E50-BB19-1D39464E8282}.Release|Any CPU.Build.0 = Release|Any CPU
	EndGlobalSection
	GlobalSection(SolutionProperties) = preSolution
		HideSolutionNode = FALSE
	EndGlobalSection
	GlobalSection(ExtensibilityGlobals) = postSolution
		SolutionGuid = {9A15018F-7308-43FC-BB5F-1788D5BAA82F}
	EndGlobalSection
EndGlobal
